{
  "nodes": {
    "advisory-db": {
      "flake": false,
      "locked": {
        "lastModified": 1672138084,
        "narHash": "sha256-x+q6lNmmzr+y/XBRy0fg9oYDqg0r/zQ+8Uiikx4osh8=",
        "owner": "rustsec",
        "repo": "advisory-db",
        "rev": "6d5b76eb3be175fd2101b83140df15673531bb7b",
        "type": "github"
      },
      "original": {
        "owner": "rustsec",
        "repo": "advisory-db",
        "type": "github"
      }
    },
    "crane": {
      "inputs": {
        "flake-compat": "flake-compat",
        "flake-utils": "flake-utils",
        "nixpkgs": [
          "nixpkgs"
        ],
        "rust-overlay": "rust-overlay"
      },
      "locked": {
        "lastModified": 1672095661,
        "narHash": "sha256-7NTsdCn3qsvU7A+1/7tY8pxbq0DYy1pFYNpzN6he9lI=",
        "owner": "ipetkov",
        "repo": "crane",
        "rev": "98894bb39b03bfb379c5e10523cd61160e1ac782",
        "type": "github"
      },
      "original": {
        "owner": "ipetkov",
        "repo": "crane",
        "type": "github"
      }
    },
    "fenix": {
      "inputs": {
        "nixpkgs": "nixpkgs",
        "rust-analyzer-src": "rust-analyzer-src"
      },
      "locked": {
        "lastModified": 1672294969,
        "narHash": "sha256-e5lezSmwW166Sp3Z5+RygVhuziRZZg2D7yWNkZiKrP4=",
        "owner": "nix-community",
        "repo": "fenix",
        "rev": "f5c8997777d96137eb1e4f46e511328497643867",
        "type": "github"
      },
      "original": {
        "id": "fenix",
        "type": "indirect"
      }
    },
    "flake-compat": {
      "flake": false,
      "locked": {
        "lastModified": 1668681692,
        "narHash": "sha256-Ht91NGdewz8IQLtWZ9LCeNXMSXHUss+9COoqu6JLmXU=",
        "owner": "edolstra",
        "repo": "flake-compat",
        "rev": "009399224d5e398d03b22badca40a37ac85412a1",
        "type": "github"
      },
      "original": {
        "owner": "edolstra",
        "repo": "flake-compat",
        "type": "github"
      }
    },
    "flake-utils": {
      "locked": {
        "lastModified": 1667395993,
        "narHash": "sha256-nuEHfE/LcWyuSWnS8t12N1wc105Qtau+/OdUAjtQ0rA=",
        "owner": "numtide",
        "repo": "flake-utils",
        "rev": "5aed5285a952e0b949eb3ba02c12fa4fcfef535f",
        "type": "github"
      },
      "original": {
        "owner": "numtide",
        "repo": "flake-utils",
        "type": "github"
      }
    },
    "flake-utils_2": {
      "locked": {
        "lastModified": 1667395993,
        "narHash": "sha256-nuEHfE/LcWyuSWnS8t12N1wc105Qtau+/OdUAjtQ0rA=",
        "owner": "numtide",
        "repo": "flake-utils",
        "rev": "5aed5285a952e0b949eb3ba02c12fa4fcfef535f",
        "type": "github"
      },
      "original": {
        "owner": "numtide",
        "repo": "flake-utils",
        "type": "github"
      }
    },
    "nixpkgs": {
      "locked": {
        "lastModified": 1672262501,
        "narHash": "sha256-ZNXqX9lwYo1tOFAqrVtKTLcJ2QMKCr3WuIvpN8emp7I=",
        "owner": "nixos",
        "repo": "nixpkgs",
        "rev": "e182da8622a354d44c39b3d7a542dc12cd7baa5f",
        "type": "github"
      },
      "original": {
        "owner": "nixos",
        "ref": "nixos-unstable",
        "repo": "nixpkgs",
        "type": "github"
      }
    },
    "nixpkgs_2": {
      "locked": {
        "lastModified": 1672262501,
        "narHash": "sha256-ZNXqX9lwYo1tOFAqrVtKTLcJ2QMKCr3WuIvpN8emp7I=",
        "owner": "NixOS",
        "repo": "nixpkgs",
        "rev": "e182da8622a354d44c39b3d7a542dc12cd7baa5f",
        "type": "github"
      },
      "original": {
        "owner": "NixOS",
        "ref": "nixos-unstable",
        "repo": "nixpkgs",
        "type": "github"
      }
    },
    "nixpkgs_3": {
      "locked": {
        "lastModified": 1671722432,
        "narHash": "sha256-ojcZUekIQeOZkHHzR81st7qxX99dB1Eaaq6PU5MNeKc=",
        "owner": "NixOS",
        "repo": "nixpkgs",
        "rev": "652e92b8064949a11bc193b90b74cb727f2a1405",
        "type": "github"
      },
      "original": {
        "id": "nixpkgs",
        "ref": "nixos-unstable",
        "type": "indirect"
      }
    },
    "root": {
      "inputs": {
        "advisory-db": "advisory-db",
        "crane": "crane",
        "fenix": "fenix",
        "flake-utils": "flake-utils_2",
        "nixpkgs": "nixpkgs_2",
        "rust-overlay": "rust-overlay_2",
        "yotta": "yotta"
      }
    },
    "rust-analyzer-src": {
      "flake": false,
      "locked": {
        "lastModified": 1672170363,
        "narHash": "sha256-L2GkQGoKzYzmfa4OouCieT0zl2gxymsf/e/lnLoCQQU=",
        "owner": "rust-lang",
        "repo": "rust-analyzer",
        "rev": "3033c3ddbfcb0e42084ada8931e88d11eb98dee4",
        "type": "github"
      },
      "original": {
        "owner": "rust-lang",
        "ref": "nightly",
        "repo": "rust-analyzer",
        "type": "github"
      }
    },
    "rust-overlay": {
      "inputs": {
        "flake-utils": [
          "crane",
          "flake-utils"
        ],
        "nixpkgs": [
          "crane",
          "nixpkgs"
        ]
      },
      "locked": {
        "lastModified": 1670034122,
        "narHash": "sha256-EqmuOKucPWtMvCZtHraHr3Q3bgVszq1x2PoZtQkUuEk=",
        "owner": "oxalica",
        "repo": "rust-overlay",
        "rev": "a0d5773275ecd4f141d792d3a0376277c0fc0b65",
        "type": "github"
      },
      "original": {
        "owner": "oxalica",
        "repo": "rust-overlay",
        "type": "github"
      }
    },
    "rust-overlay_2": {
      "inputs": {
        "flake-utils": [
          "flake-utils"
        ],
        "nixpkgs": [
          "nixpkgs"
        ]
      },
      "locked": {
        "lastModified": 1672280602,
        "narHash": "sha256-aBO2MgTv8Pj24j+q0BKFHV5XmAuAn6+iw7AVNW4wUxc=",
        "owner": "oxalica",
        "repo": "rust-overlay",
        "rev": "ede977678e5d0164316998487e686d0790744cd7",
        "type": "github"
      },
      "original": {
        "owner": "oxalica",
        "repo": "rust-overlay",
        "type": "github"
      }
    },
    "utils": {
      "locked": {
        "lastModified": 1667395993,
        "narHash": "sha256-nuEHfE/LcWyuSWnS8t12N1wc105Qtau+/OdUAjtQ0rA=",
        "owner": "numtide",
        "repo": "flake-utils",
        "rev": "5aed5285a952e0b949eb3ba02c12fa4fcfef535f",
        "type": "github"
      },
      "original": {
        "owner": "numtide",
        "repo": "flake-utils",
        "type": "github"
      }
    },
    "yotta": {
      "inputs": {
        "nixpkgs": "nixpkgs_3",
        "utils": "utils",
        "yottaSrc": "yottaSrc"
      },
      "locked": {
        "dir": "nix",
        "lastModified": 1672057296,
        "narHash": "sha256-Xg3acIViuF0ncr8CTSMhOnZ/n7OOlwUnh0rY4MpdvzA=",
        "owner": "joxcat",
        "repo": "yotta",
        "rev": "42dca60d67e4a18f806385a8a93ed2b92fbe8654",
        "type": "github"
      },
      "original": {
        "dir": "nix",
        "owner": "joxcat",
        "repo": "yotta",
        "type": "github"
      }
    },
    "yottaSrc": {
      "flake": false,
      "locked": {
        "lastModified": 1610718587,
        "narHash": "sha256-xvMVw0aD8qLkwkT63u2s5QDecKY5DAQdGUw/0jF0DMY=",
        "owner": "joxcat",
        "repo": "yotta",
        "rev": "82d854b43d391abb5a006b05e7beffe7d0d6ffbf",
        "type": "github"
      },
      "original": {
        "owner": "joxcat",
        "repo": "yotta",
        "rev": "82d854b43d391abb5a006b05e7beffe7d0d6ffbf",
        "type": "github"
      }
    }
  },
  "root": "root",
  "version": 7
}
